
Microsoft Visual Studio Solution File, Format Version 12.00
# Visual Studio Version 16
VisualStudioVersion = 16.0.30204.135
MinimumVisualStudioVersion = 10.0.40219.1
Project("{FAE04EC0-301F-11D3-BF4B-00C04F79EFBC}") = "MyGameWebApp", "MyGameWebApp.csproj", "{339F759F-390E-4346-AD1B-C6CE349260FD}"
EndProject
Global
	GlobalSection(SolutionConfigurationPlatforms) = preSolution
		Debug|Any CPU = Debug|Any CPU
		Release|Any CPU = Release|Any CPU
	EndGlobalSection
	GlobalSection(ProjectConfigurationPlatforms) = postSolution
		{339F759F-390E-4346-AD1B-C6CE349260FD}.Debug|Any CPU.ActiveCfg = Debug|Any CPU
		{339F759F-390E-4346-AD1B-C6CE349260FD}.Debug|Any CPU.Build.0 = Debug|Any CPU
		{339F759F-390E-4346-AD1B-C6CE349260FD}.Release|Any CPU.ActiveCfg = Release|Any CPU
		{339F759F-390E-4346-AD1B-C6CE349260FD}.Release|Any CPU.Build.0 = Release|Any CPU
	EndGlobalSection
	GlobalSection(SolutionProperties) = preSolution
		HideSolutionNode = FALSE
	EndGlobalSection
	GlobalSection(ExtensibilityGlobals) = postSolution
		SolutionGuid = {82B7B073-A246-4191-8B8F-A35193E30F49}
	EndGlobalSection
EndGlobal
